
Microsoft Visual Studio Solution File, Format Version 12.00
# Visual Studio 15
VisualStudioVersion = 15.0.28307.645
MinimumVisualStudioVersion = 10.0.40219.1
Project("{FAE04EC0-301F-11D3-BF4B-00C04F79EFBC}") = "WebCarFinance", "WebCarFinance\WebCarFinance.csproj", "{D45E03BE-0F92-4F52-B80A-0800A704F6F5}"
EndProject
Global
	GlobalSection(SolutionConfigurationPlatforms) = preSolution
		Debug|Any CPU = Debug|Any CPU
		Release|Any CPU = Release|Any CPU
	EndGlobalSection
	GlobalSection(ProjectConfigurationPlatforms) = postSolution
		{D45E03BE-0F92-4F52-B80A-0800A704F6F5}.Debug|Any CPU.ActiveCfg = Debug|Any CPU
		{D45E03BE-0F92-4F52-B80A-0800A704F6F5}.Debug|Any CPU.Build.0 = Debug|Any CPU
		{D45E03BE-0F92-4F52-B80A-0800A704F6F5}.Release|Any CPU.ActiveCfg = Release|Any CPU
		{D45E03BE-0F92-4F52-B80A-0800A704F6F5}.Release|Any CPU.Build.0 = Release|Any CPU
	EndGlobalSection
	GlobalSection(SolutionProperties) = preSolution
		HideSolutionNode = FALSE
	EndGlobalSection
	GlobalSection(ExtensibilityGlobals) = postSolution
		SolutionGuid = {AF6680BE-811B-48D3-976F-3F6099D011B4}
	EndGlobalSection
EndGlobal
